{
  "requires": true,
  "lockfileVersion": 1,
  "dependencies": {
    "diff-match-patch": {
      "version": "1.0.5",
      "resolved": "https://registry.npmjs.org/diff-match-patch/-/diff-match-patch-1.0.5.tgz",
      "integrity": "sha512-IayShXAgj/QMXgB0IWmKx+rOPuGMhqm5w6jvFxmVenXKIzRqTAAsbBPT3kWQeGANj3jGgvcvv4yK6SxqYmikgw=="
    },
    "vditor": {
      "version": "3.8.6",
      "resolved": "https://registry.npmjs.org/vditor/-/vditor-3.8.6.tgz",
      "integrity": "sha512-KZSmg593dTx/BmX9HdXcZCLi5stkJvW3AHVq4gOVvA00JnZngT7sjlX8WlfWbLe0A80UzelNSVXff3yoyljRAA==",
      "requires": {
        "diff-match-patch": "^1.0.5"
      }
    }
  }
}
